// !$*UTF8*$!
{
	archiveVersion = 1;
	classes = {
	};
	objectVersion = 56;
	objects = {

/* Begin PBXBuildFile section */
		89189C7D291313CB00158CFF /* DetailServiceView.swift in Sources */ = {isa = PBXBuildFile; fileRef = 89189C7C291313CA00158CFF /* DetailServiceView.swift */; };
		89189C7F2913143E00158CFF /* ServiceInfo.swift in Sources */ = {isa = PBXBuildFile; fileRef = 89189C7E2913143E00158CFF /* ServiceInfo.swift */; };
		892D93E82915C47A0096F9BE /* PodView.swift in Sources */ = {isa = PBXBuildFile; fileRef = 892D93E72915C47A0096F9BE /* PodView.swift */; };
		892D93EA2915C5A00096F9BE /* PodCardView.swift in Sources */ = {isa = PBXBuildFile; fileRef = 892D93E92915C5A00096F9BE /* PodCardView.swift */; };
		892D93EC2915C7410096F9BE /* DetailPodView.swift in Sources */ = {isa = PBXBuildFile; fileRef = 892D93EB2915C7410096F9BE /* DetailPodView.swift */; };
		892D93EE2915C8D40096F9BE /* PodInfo.swift in Sources */ = {isa = PBXBuildFile; fileRef = 892D93ED2915C8D40096F9BE /* PodInfo.swift */; };
		892D93F02916493B0096F9BE /* RSData.swift in Sources */ = {isa = PBXBuildFile; fileRef = 892D93EF2916493B0096F9BE /* RSData.swift */; };
		892D93F2291649570096F9BE /* RSResponse.swift in Sources */ = {isa = PBXBuildFile; fileRef = 892D93F1291649570096F9BE /* RSResponse.swift */; };
		892D93F429164D3F0096F9BE /* RSInfo.swift in Sources */ = {isa = PBXBuildFile; fileRef = 892D93F329164D3F0096F9BE /* RSInfo.swift */; };
		892D93F829170CBC0096F9BE /* UserDashboard.swift in Sources */ = {isa = PBXBuildFile; fileRef = 892D93F729170CBC0096F9BE /* UserDashboard.swift */; };
		892D93FA29170D8C0096F9BE /* UserStorage.swift in Sources */ = {isa = PBXBuildFile; fileRef = 892D93F929170D8C0096F9BE /* UserStorage.swift */; };
		892D941629171F710096F9BE /* LoadingScreen.swift in Sources */ = {isa = PBXBuildFile; fileRef = 892D941529171F710096F9BE /* LoadingScreen.swift */; };
		89336CCD2911BE08007CC659 /* SCData.swift in Sources */ = {isa = PBXBuildFile; fileRef = 89336CCC2911BE08007CC659 /* SCData.swift */; };
		89336CCF2911BE42007CC659 /* SCResponse.swift in Sources */ = {isa = PBXBuildFile; fileRef = 89336CCE2911BE42007CC659 /* SCResponse.swift */; };
		89336CD12911BE7D007CC659 /* SCInfo.swift in Sources */ = {isa = PBXBuildFile; fileRef = 89336CD02911BE7D007CC659 /* SCInfo.swift */; };
		89336CD32911C230007CC659 /* SCView.swift in Sources */ = {isa = PBXBuildFile; fileRef = 89336CD22911C230007CC659 /* SCView.swift */; };
		89336CD52911C3A6007CC659 /* SCCardView.swift in Sources */ = {isa = PBXBuildFile; fileRef = 89336CD42911C3A6007CC659 /* SCCardView.swift */; };
		89336CD72911C6CB007CC659 /* DetailSCView.swift in Sources */ = {isa = PBXBuildFile; fileRef = 89336CD62911C6CB007CC659 /* DetailSCView.swift */; };
		8947B5122915330E000131F7 /* DeploymentView.swift in Sources */ = {isa = PBXBuildFile; fileRef = 8947B5112915330E000131F7 /* DeploymentView.swift */; };
		8947B514291533FD000131F7 /* DeploymentCardView.swift in Sources */ = {isa = PBXBuildFile; fileRef = 8947B513291533FD000131F7 /* DeploymentCardView.swift */; };
		8964DAD4290B2AEA00E77505 /* DetailPVView.swift in Sources */ = {isa = PBXBuildFile; fileRef = 8964DAD3290B2AEA00E77505 /* DetailPVView.swift */; };
		897E0B34291467AC005DBC3B /* IngressView.swift in Sources */ = {isa = PBXBuildFile; fileRef = 897E0B33291467AC005DBC3B /* IngressView.swift */; };
		897E0B36291468AC005DBC3B /* IngressCardView.swift in Sources */ = {isa = PBXBuildFile; fileRef = 897E0B35291468AC005DBC3B /* IngressCardView.swift */; };
		897E0B38291469ED005DBC3B /* DetailIngressView.swift in Sources */ = {isa = PBXBuildFile; fileRef = 897E0B37291469ED005DBC3B /* DetailIngressView.swift */; };
		898624C628E24FF800024852 /* PaaS_TA_Container_PlatformApp.swift in Sources */ = {isa = PBXBuildFile; fileRef = 898624C528E24FF800024852 /* PaaS_TA_Container_PlatformApp.swift */; };
		898624C828E24FF800024852 /* ContentView.swift in Sources */ = {isa = PBXBuildFile; fileRef = 898624C728E24FF800024852 /* ContentView.swift */; };
		898624CA28E24FFA00024852 /* Assets.xcassets in Resources */ = {isa = PBXBuildFile; fileRef = 898624C928E24FFA00024852 /* Assets.xcassets */; };
		898624CD28E24FFA00024852 /* Preview Assets.xcassets in Resources */ = {isa = PBXBuildFile; fileRef = 898624CC28E24FFA00024852 /* Preview Assets.xcassets */; };
		898624D928E2508C00024852 /* APIClient.swift in Sources */ = {isa = PBXBuildFile; fileRef = 898624D828E2508C00024852 /* APIClient.swift */; };
		898624DC28E250B000024852 /* Alamofire in Frameworks */ = {isa = PBXBuildFile; productRef = 898624DB28E250B000024852 /* Alamofire */; };
		898624DE28E2515000024852 /* APILogger.swift in Sources */ = {isa = PBXBuildFile; fileRef = 898624DD28E2515000024852 /* APILogger.swift */; };
		898624E028E2519700024852 /* BaseInterceptor.swift in Sources */ = {isa = PBXBuildFile; fileRef = 898624DF28E2519700024852 /* BaseInterceptor.swift */; };
		898624E428E253E000024852 /* AuthRouter.swift in Sources */ = {isa = PBXBuildFile; fileRef = 898624E328E253E000024852 /* AuthRouter.swift */; };
		898624E728E2544B00024852 /* UserDefaultManager.swift in Sources */ = {isa = PBXBuildFile; fileRef = 898624E628E2544B00024852 /* UserDefaultManager.swift */; };
		898624EA28E2548300024852 /* TokenData.swift in Sources */ = {isa = PBXBuildFile; fileRef = 898624E928E2548300024852 /* TokenData.swift */; };
		898624EC28E2564100024852 /* AuthAPIService.swift in Sources */ = {isa = PBXBuildFile; fileRef = 898624EB28E2564100024852 /* AuthAPIService.swift */; };
		898624EE28E2568900024852 /* UserData.swift in Sources */ = {isa = PBXBuildFile; fileRef = 898624ED28E2568900024852 /* UserData.swift */; };
		898624F028E256BE00024852 /* AuthResponse.swift in Sources */ = {isa = PBXBuildFile; fileRef = 898624EF28E256BE00024852 /* AuthResponse.swift */; };
		8989725E28F398780052605C /* LowTabButton.swift in Sources */ = {isa = PBXBuildFile; fileRef = 8989725D28F398780052605C /* LowTabButton.swift */; };
		8989726028F39BE40052605C /* Service.swift in Sources */ = {isa = PBXBuildFile; fileRef = 8989725F28F39BE40052605C /* Service.swift */; };
		8989726228F3A7F30052605C /* Storage.swift in Sources */ = {isa = PBXBuildFile; fileRef = 8989726128F3A7F30052605C /* Storage.swift */; };
		8989726528F3ABEF0052605C /* PVView.swift in Sources */ = {isa = PBXBuildFile; fileRef = 8989726428F3ABEF0052605C /* PVView.swift */; };
		8989726728F3AC6D0052605C /* PVCView.swift in Sources */ = {isa = PBXBuildFile; fileRef = 8989726628F3AC6D0052605C /* PVCView.swift */; };
		8989726928F3AD520052605C /* PVCCardView.swift in Sources */ = {isa = PBXBuildFile; fileRef = 8989726828F3AD520052605C /* PVCCardView.swift */; };
		8989726B28F3AFFC0052605C /* DetailPVCView.swift in Sources */ = {isa = PBXBuildFile; fileRef = 8989726A28F3AFFC0052605C /* DetailPVCView.swift */; };
		898FD6A528FDFF9200D313CE /* K8sAdminRouter.swift in Sources */ = {isa = PBXBuildFile; fileRef = 898FD6A428FDFF9200D313CE /* K8sAdminRouter.swift */; };
		898FD6A728FE076400D313CE /* K8sData.swift in Sources */ = {isa = PBXBuildFile; fileRef = 898FD6A628FE076400D313CE /* K8sData.swift */; };
		89910FD728E340CE00A21088 /* UserVM.swift in Sources */ = {isa = PBXBuildFile; fileRef = 89910FD628E340CE00A21088 /* UserVM.swift */; };
		89910FDA28E3427B00A21088 /* LoginPage.swift in Sources */ = {isa = PBXBuildFile; fileRef = 89910FD928E3427B00A21088 /* LoginPage.swift */; };
		89910FDC28E343CC00A21088 /* CustomCorner.swift in Sources */ = {isa = PBXBuildFile; fileRef = 89910FDB28E343CC00A21088 /* CustomCorner.swift */; };
		8993B8B4290C9FB600DB17FB /* ClusterMetricInfo.swift in Sources */ = {isa = PBXBuildFile; fileRef = 8993B8B3290C9FB600DB17FB /* ClusterMetricInfo.swift */; };
		8993E43328E639E7007CA986 /* Workload.swift in Sources */ = {isa = PBXBuildFile; fileRef = 8993E43228E639E7007CA986 /* Workload.swift */; };
		8995C6DB29009EE5003A0AC0 /* NamespaceData.swift in Sources */ = {isa = PBXBuildFile; fileRef = 8995C6DA29009EE5003A0AC0 /* NamespaceData.swift */; };
		8995C6DD2900A088003A0AC0 /* NamespaceResponse.swift in Sources */ = {isa = PBXBuildFile; fileRef = 8995C6DC2900A088003A0AC0 /* NamespaceResponse.swift */; };
		8995F15F28F26466001CFAE7 /* ServiceView.swift in Sources */ = {isa = PBXBuildFile; fileRef = 8995F15E28F26466001CFAE7 /* ServiceView.swift */; };
		8995F16128F26514001CFAE7 /* ServiceCardView.swift in Sources */ = {isa = PBXBuildFile; fileRef = 8995F16028F26514001CFAE7 /* ServiceCardView.swift */; };
		8995F16328F2685B001CFAE7 /* ServiceData.swift in Sources */ = {isa = PBXBuildFile; fileRef = 8995F16228F2685B001CFAE7 /* ServiceData.swift */; };
		8995F16528F268C9001CFAE7 /* ServiceResponse.swift in Sources */ = {isa = PBXBuildFile; fileRef = 8995F16428F268C9001CFAE7 /* ServiceResponse.swift */; };
		8995F16828F2A58F001CFAE7 /* DetailDeployView.swift in Sources */ = {isa = PBXBuildFile; fileRef = 8995F16728F2A58F001CFAE7 /* DetailDeployView.swift */; };
		8995F16A28F2A6DB001CFAE7 /* BaseVM.swift in Sources */ = {isa = PBXBuildFile; fileRef = 8995F16928F2A6DB001CFAE7 /* BaseVM.swift */; };
		8995F16C28F2AEF4001CFAE7 /* DeployInfo.swift in Sources */ = {isa = PBXBuildFile; fileRef = 8995F16B28F2AEF4001CFAE7 /* DeployInfo.swift */; };
		8999790628FF4FD000E80B84 /* IngressData.swift in Sources */ = {isa = PBXBuildFile; fileRef = 8999790528FF4FD000E80B84 /* IngressData.swift */; };
		8999790828FF506E00E80B84 /* IngressResponse.swift in Sources */ = {isa = PBXBuildFile; fileRef = 8999790728FF506E00E80B84 /* IngressResponse.swift */; };
		8999790A28FF526300E80B84 /* IngressInfo.swift in Sources */ = {isa = PBXBuildFile; fileRef = 8999790928FF526300E80B84 /* IngressInfo.swift */; };
		89999C8728E8EB2000DBA981 /* DeployData.swift in Sources */ = {isa = PBXBuildFile; fileRef = 89999C8628E8EB2000DBA981 /* DeployData.swift */; };
		89999C8928E8EB9D00DBA981 /* DeployResponse.swift in Sources */ = {isa = PBXBuildFile; fileRef = 89999C8828E8EB9D00DBA981 /* DeployResponse.swift */; };
		89999C8F28E9059800DBA981 /* ReplicaSetListView.swift in Sources */ = {isa = PBXBuildFile; fileRef = 89999C8E28E9059800DBA981 /* ReplicaSetListView.swift */; };
		89999CAB28EA3C5A00DBA981 /* PodData.swift in Sources */ = {isa = PBXBuildFile; fileRef = 89999CAA28EA3C5A00DBA981 /* PodData.swift */; };
		89999CAD28EA3CA600DBA981 /* PodResponse.swift in Sources */ = {isa = PBXBuildFile; fileRef = 89999CAC28EA3CA600DBA981 /* PodResponse.swift */; };
		8999CD5329087F8E000CBB67 /* StaggeredGrid.swift in Sources */ = {isa = PBXBuildFile; fileRef = 8999CD5229087F8E000CBB67 /* StaggeredGrid.swift */; };
		899A3A3829072DC2008EBEC4 /* SearchView.swift in Sources */ = {isa = PBXBuildFile; fileRef = 899A3A3729072DC2008EBEC4 /* SearchView.swift */; };
		899CDF6328E4735B00838335 /* MainView.swift in Sources */ = {isa = PBXBuildFile; fileRef = 899CDF6228E4735B00838335 /* MainView.swift */; };
		899CDF6528E4DF5B00838335 /* SideMenu.swift in Sources */ = {isa = PBXBuildFile; fileRef = 899CDF6428E4DF5B00838335 /* SideMenu.swift */; };
		899CDF6728E4DF8200838335 /* TabButton.swift in Sources */ = {isa = PBXBuildFile; fileRef = 899CDF6628E4DF8200838335 /* TabButton.swift */; };
		899CDF6928E4DFB100838335 /* Home.swift in Sources */ = {isa = PBXBuildFile; fileRef = 899CDF6828E4DFB100838335 /* Home.swift */; };
		899CDF6B28E4E04400838335 /* CustomCorners.swift in Sources */ = {isa = PBXBuildFile; fileRef = 899CDF6A28E4E04400838335 /* CustomCorners.swift */; };
		899CDF6D28E4E8FB00838335 /* K8sAPIClient.swift in Sources */ = {isa = PBXBuildFile; fileRef = 899CDF6C28E4E8FB00838335 /* K8sAPIClient.swift */; };
		899CDF6F28E4E9A300838335 /* K8sRouter.swift in Sources */ = {isa = PBXBuildFile; fileRef = 899CDF6E28E4E9A300838335 /* K8sRouter.swift */; };
		899CDF7128E4EA2000838335 /* K8sAPIService.swift in Sources */ = {isa = PBXBuildFile; fileRef = 899CDF7028E4EA2000838335 /* K8sAPIService.swift */; };
		899CDF7328E4EAFA00838335 /* PVCInfo.swift in Sources */ = {isa = PBXBuildFile; fileRef = 899CDF7228E4EAFA00838335 /* PVCInfo.swift */; };
		899CDF7528E4EB1700838335 /* PVCData.swift in Sources */ = {isa = PBXBuildFile; fileRef = 899CDF7428E4EB1700838335 /* PVCData.swift */; };
		899CDF7728E4EB2F00838335 /* PVCResponse.swift in Sources */ = {isa = PBXBuildFile; fileRef = 899CDF7628E4EB2F00838335 /* PVCResponse.swift */; };
		899CDF7928E4EBFC00838335 /* K8sVM.swift in Sources */ = {isa = PBXBuildFile; fileRef = 899CDF7828E4EBFC00838335 /* K8sVM.swift */; };
		899CDF7C28E4EF3B00838335 /* HomePage.swift in Sources */ = {isa = PBXBuildFile; fileRef = 899CDF7B28E4EF3A00838335 /* HomePage.swift */; };
		89AF80A2290F15BB00787CD2 /* SpeedoMeter.swift in Sources */ = {isa = PBXBuildFile; fileRef = 89AF80A1290F15BB00787CD2 /* SpeedoMeter.swift */; };
		89AF80A4290F160F00787CD2 /* IndicatorShape.swift in Sources */ = {isa = PBXBuildFile; fileRef = 89AF80A3290F160F00787CD2 /* IndicatorShape.swift */; };
		89AF80A6290F20A400787CD2 /* CpuMemButton.swift in Sources */ = {isa = PBXBuildFile; fileRef = 89AF80A5290F20A400787CD2 /* CpuMemButton.swift */; };
		89DF549128FCC95200A84640 /* PVData.swift in Sources */ = {isa = PBXBuildFile; fileRef = 89DF549028FCC95200A84640 /* PVData.swift */; };
		89DF549328FCCA0A00A84640 /* PVResponse.swift in Sources */ = {isa = PBXBuildFile; fileRef = 89DF549228FCCA0A00A84640 /* PVResponse.swift */; };
		89DF549528FCCB2F00A84640 /* PVInfo.swift in Sources */ = {isa = PBXBuildFile; fileRef = 89DF549428FCCB2F00A84640 /* PVInfo.swift */; };
		89DF549728FCCD3900A84640 /* PVCardView.swift in Sources */ = {isa = PBXBuildFile; fileRef = 89DF549628FCCD3900A84640 /* PVCardView.swift */; };
/* End PBXBuildFile section */

/* Begin PBXFileReference section */
		89189C7C291313CA00158CFF /* DetailServiceView.swift */ = {isa = PBXFileReference; lastKnownFileType = sourcecode.swift; path = DetailServiceView.swift; sourceTree = "<group>"; };
		89189C7E2913143E00158CFF /* ServiceInfo.swift */ = {isa = PBXFileReference; lastKnownFileType = sourcecode.swift; path = ServiceInfo.swift; sourceTree = "<group>"; };
		892D93E72915C47A0096F9BE /* PodView.swift */ = {isa = PBXFileReference; lastKnownFileType = sourcecode.swift; path = PodView.swift; sourceTree = "<group>"; };
		892D93E92915C5A00096F9BE /* PodCardView.swift */ = {isa = PBXFileReference; lastKnownFileType = sourcecode.swift; path = PodCardView.swift; sourceTree = "<group>"; };
		892D93EB2915C7410096F9BE /* DetailPodView.swift */ = {isa = PBXFileReference; lastKnownFileType = sourcecode.swift; path = DetailPodView.swift; sourceTree = "<group>"; };
		892D93ED2915C8D40096F9BE /* PodInfo.swift */ = {isa = PBXFileReference; lastKnownFileType = sourcecode.swift; path = PodInfo.swift; sourceTree = "<group>"; };
		892D93EF2916493B0096F9BE /* RSData.swift */ = {isa = PBXFileReference; lastKnownFileType = sourcecode.swift; path = RSData.swift; sourceTree = "<group>"; };
		892D93F1291649570096F9BE /* RSResponse.swift */ = {isa = PBXFileReference; lastKnownFileType = sourcecode.swift; path = RSResponse.swift; sourceTree = "<group>"; };
		892D93F329164D3F0096F9BE /* RSInfo.swift */ = {isa = PBXFileReference; lastKnownFileType = sourcecode.swift; path = RSInfo.swift; sourceTree = "<group>"; };
		892D93F729170CBC0096F9BE /* UserDashboard.swift */ = {isa = PBXFileReference; lastKnownFileType = sourcecode.swift; path = UserDashboard.swift; sourceTree = "<group>"; };
		892D93F929170D8C0096F9BE /* UserStorage.swift */ = {isa = PBXFileReference; lastKnownFileType = sourcecode.swift; path = UserStorage.swift; sourceTree = "<group>"; };
		892D941529171F710096F9BE /* LoadingScreen.swift */ = {isa = PBXFileReference; lastKnownFileType = sourcecode.swift; path = LoadingScreen.swift; sourceTree = "<group>"; };
		89336CCC2911BE08007CC659 /* SCData.swift */ = {isa = PBXFileReference; lastKnownFileType = sourcecode.swift; path = SCData.swift; sourceTree = "<group>"; };
		89336CCE2911BE42007CC659 /* SCResponse.swift */ = {isa = PBXFileReference; lastKnownFileType = sourcecode.swift; path = SCResponse.swift; sourceTree = "<group>"; };
		89336CD02911BE7D007CC659 /* SCInfo.swift */ = {isa = PBXFileReference; lastKnownFileType = sourcecode.swift; path = SCInfo.swift; sourceTree = "<group>"; };
		89336CD22911C230007CC659 /* SCView.swift */ = {isa = PBXFileReference; lastKnownFileType = sourcecode.swift; path = SCView.swift; sourceTree = "<group>"; };
		89336CD42911C3A6007CC659 /* SCCardView.swift */ = {isa = PBXFileReference; lastKnownFileType = sourcecode.swift; path = SCCardView.swift; sourceTree = "<group>"; };
		89336CD62911C6CB007CC659 /* DetailSCView.swift */ = {isa = PBXFileReference; lastKnownFileType = sourcecode.swift; path = DetailSCView.swift; sourceTree = "<group>"; };
		8947B5112915330E000131F7 /* DeploymentView.swift */ = {isa = PBXFileReference; lastKnownFileType = sourcecode.swift; path = DeploymentView.swift; sourceTree = "<group>"; };
		8947B513291533FD000131F7 /* DeploymentCardView.swift */ = {isa = PBXFileReference; lastKnownFileType = sourcecode.swift; path = DeploymentCardView.swift; sourceTree = "<group>"; };
		8964DAD3290B2AEA00E77505 /* DetailPVView.swift */ = {isa = PBXFileReference; lastKnownFileType = sourcecode.swift; path = DetailPVView.swift; sourceTree = "<group>"; };
		897E0B33291467AC005DBC3B /* IngressView.swift */ = {isa = PBXFileReference; lastKnownFileType = sourcecode.swift; path = IngressView.swift; sourceTree = "<group>"; };
		897E0B35291468AC005DBC3B /* IngressCardView.swift */ = {isa = PBXFileReference; lastKnownFileType = sourcecode.swift; path = IngressCardView.swift; sourceTree = "<group>"; };
		897E0B37291469ED005DBC3B /* DetailIngressView.swift */ = {isa = PBXFileReference; lastKnownFileType = sourcecode.swift; path = DetailIngressView.swift; sourceTree = "<group>"; };
		898624C228E24FF800024852 /* PaaS-TA Container Platform.app */ = {isa = PBXFileReference; explicitFileType = wrapper.application; includeInIndex = 0; path = "PaaS-TA Container Platform.app"; sourceTree = BUILT_PRODUCTS_DIR; };
		898624C528E24FF800024852 /* PaaS_TA_Container_PlatformApp.swift */ = {isa = PBXFileReference; lastKnownFileType = sourcecode.swift; path = PaaS_TA_Container_PlatformApp.swift; sourceTree = "<group>"; };
		898624C728E24FF800024852 /* ContentView.swift */ = {isa = PBXFileReference; lastKnownFileType = sourcecode.swift; path = ContentView.swift; sourceTree = "<group>"; };
		898624C928E24FFA00024852 /* Assets.xcassets */ = {isa = PBXFileReference; lastKnownFileType = folder.assetcatalog; path = Assets.xcassets; sourceTree = "<group>"; };
		898624CC28E24FFA00024852 /* Preview Assets.xcassets */ = {isa = PBXFileReference; lastKnownFileType = folder.assetcatalog; path = "Preview Assets.xcassets"; sourceTree = "<group>"; };
		898624D828E2508C00024852 /* APIClient.swift */ = {isa = PBXFileReference; lastKnownFileType = sourcecode.swift; path = APIClient.swift; sourceTree = "<group>"; };
		898624DD28E2515000024852 /* APILogger.swift */ = {isa = PBXFileReference; lastKnownFileType = sourcecode.swift; path = APILogger.swift; sourceTree = "<group>"; };
		898624DF28E2519700024852 /* BaseInterceptor.swift */ = {isa = PBXFileReference; lastKnownFileType = sourcecode.swift; path = BaseInterceptor.swift; sourceTree = "<group>"; };
		898624E328E253E000024852 /* AuthRouter.swift */ = {isa = PBXFileReference; lastKnownFileType = sourcecode.swift; path = AuthRouter.swift; sourceTree = "<group>"; };
		898624E628E2544B00024852 /* UserDefaultManager.swift */ = {isa = PBXFileReference; lastKnownFileType = sourcecode.swift; path = UserDefaultManager.swift; sourceTree = "<group>"; };
		898624E928E2548300024852 /* TokenData.swift */ = {isa = PBXFileReference; lastKnownFileType = sourcecode.swift; path = TokenData.swift; sourceTree = "<group>"; };
		898624EB28E2564100024852 /* AuthAPIService.swift */ = {isa = PBXFileReference; lastKnownFileType = sourcecode.swift; path = AuthAPIService.swift; sourceTree = "<group>"; };
		898624ED28E2568900024852 /* UserData.swift */ = {isa = PBXFileReference; lastKnownFileType = sourcecode.swift; path = UserData.swift; sourceTree = "<group>"; };
		898624EF28E256BE00024852 /* AuthResponse.swift */ = {isa = PBXFileReference; lastKnownFileType = sourcecode.swift; path = AuthResponse.swift; sourceTree = "<group>"; };
		8989725D28F398780052605C /* LowTabButton.swift */ = {isa = PBXFileReference; lastKnownFileType = sourcecode.swift; path = LowTabButton.swift; sourceTree = "<group>"; };
		8989725F28F39BE40052605C /* Service.swift */ = {isa = PBXFileReference; lastKnownFileType = sourcecode.swift; path = Service.swift; sourceTree = "<group>"; };
		8989726128F3A7F30052605C /* Storage.swift */ = {isa = PBXFileReference; lastKnownFileType = sourcecode.swift; path = Storage.swift; sourceTree = "<group>"; };
		8989726428F3ABEF0052605C /* PVView.swift */ = {isa = PBXFileReference; lastKnownFileType = sourcecode.swift; path = PVView.swift; sourceTree = "<group>"; };
		8989726628F3AC6D0052605C /* PVCView.swift */ = {isa = PBXFileReference; lastKnownFileType = sourcecode.swift; path = PVCView.swift; sourceTree = "<group>"; };
		8989726828F3AD520052605C /* PVCCardView.swift */ = {isa = PBXFileReference; lastKnownFileType = sourcecode.swift; path = PVCCardView.swift; sourceTree = "<group>"; };
		8989726A28F3AFFC0052605C /* DetailPVCView.swift */ = {isa = PBXFileReference; lastKnownFileType = sourcecode.swift; path = DetailPVCView.swift; sourceTree = "<group>"; };
		898FD6A428FDFF9200D313CE /* K8sAdminRouter.swift */ = {isa = PBXFileReference; lastKnownFileType = sourcecode.swift; path = K8sAdminRouter.swift; sourceTree = "<group>"; };
		898FD6A628FE076400D313CE /* K8sData.swift */ = {isa = PBXFileReference; lastKnownFileType = sourcecode.swift; path = K8sData.swift; sourceTree = "<group>"; };
		89910FD628E340CE00A21088 /* UserVM.swift */ = {isa = PBXFileReference; lastKnownFileType = sourcecode.swift; path = UserVM.swift; sourceTree = "<group>"; };
		89910FD928E3427B00A21088 /* LoginPage.swift */ = {isa = PBXFileReference; lastKnownFileType = sourcecode.swift; path = LoginPage.swift; sourceTree = "<group>"; };
		89910FDB28E343CC00A21088 /* CustomCorner.swift */ = {isa = PBXFileReference; lastKnownFileType = sourcecode.swift; path = CustomCorner.swift; sourceTree = "<group>"; };
		8993B8B3290C9FB600DB17FB /* ClusterMetricInfo.swift */ = {isa = PBXFileReference; lastKnownFileType = sourcecode.swift; path = ClusterMetricInfo.swift; sourceTree = "<group>"; };
		8993E43128E63580007CA986 /* PaaS-TA-Container-Platform-Info.plist */ = {isa = PBXFileReference; lastKnownFileType = text.plist; path = "PaaS-TA-Container-Platform-Info.plist"; sourceTree = SOURCE_ROOT; };
		8993E43228E639E7007CA986 /* Workload.swift */ = {isa = PBXFileReference; lastKnownFileType = sourcecode.swift; path = Workload.swift; sourceTree = "<group>"; };
		8995C6DA29009EE5003A0AC0 /* NamespaceData.swift */ = {isa = PBXFileReference; lastKnownFileType = sourcecode.swift; path = NamespaceData.swift; sourceTree = "<group>"; };
		8995C6DC2900A088003A0AC0 /* NamespaceResponse.swift */ = {isa = PBXFileReference; lastKnownFileType = sourcecode.swift; path = NamespaceResponse.swift; sourceTree = "<group>"; };
		8995F15E28F26466001CFAE7 /* ServiceView.swift */ = {isa = PBXFileReference; lastKnownFileType = sourcecode.swift; path = ServiceView.swift; sourceTree = "<group>"; };
		8995F16028F26514001CFAE7 /* ServiceCardView.swift */ = {isa = PBXFileReference; lastKnownFileType = sourcecode.swift; path = ServiceCardView.swift; sourceTree = "<group>"; };
		8995F16228F2685B001CFAE7 /* ServiceData.swift */ = {isa = PBXFileReference; lastKnownFileType = sourcecode.swift; path = ServiceData.swift; sourceTree = "<group>"; };
		8995F16428F268C9001CFAE7 /* ServiceResponse.swift */ = {isa = PBXFileReference; lastKnownFileType = sourcecode.swift; path = ServiceResponse.swift; sourceTree = "<group>"; };
		8995F16728F2A58F001CFAE7 /* DetailDeployView.swift */ = {isa = PBXFileReference; lastKnownFileType = sourcecode.swift; path = DetailDeployView.swift; sourceTree = "<group>"; };
		8995F16928F2A6DB001CFAE7 /* BaseVM.swift */ = {isa = PBXFileReference; lastKnownFileType = sourcecode.swift; path = BaseVM.swift; sourceTree = "<group>"; };
		8995F16B28F2AEF4001CFAE7 /* DeployInfo.swift */ = {isa = PBXFileReference; lastKnownFileType = sourcecode.swift; path = DeployInfo.swift; sourceTree = "<group>"; };
		8999790528FF4FD000E80B84 /* IngressData.swift */ = {isa = PBXFileReference; lastKnownFileType = sourcecode.swift; path = IngressData.swift; sourceTree = "<group>"; };
		8999790728FF506E00E80B84 /* IngressResponse.swift */ = {isa = PBXFileReference; lastKnownFileType = sourcecode.swift; path = IngressResponse.swift; sourceTree = "<group>"; };
		8999790928FF526300E80B84 /* IngressInfo.swift */ = {isa = PBXFileReference; lastKnownFileType = sourcecode.swift; path = IngressInfo.swift; sourceTree = "<group>"; };
		89999C8628E8EB2000DBA981 /* DeployData.swift */ = {isa = PBXFileReference; lastKnownFileType = sourcecode.swift; path = DeployData.swift; sourceTree = "<group>"; };
		89999C8828E8EB9D00DBA981 /* DeployResponse.swift */ = {isa = PBXFileReference; lastKnownFileType = sourcecode.swift; path = DeployResponse.swift; sourceTree = "<group>"; };
		89999C8E28E9059800DBA981 /* ReplicaSetListView.swift */ = {isa = PBXFileReference; lastKnownFileType = sourcecode.swift; path = ReplicaSetListView.swift; sourceTree = "<group>"; };
		89999CAA28EA3C5A00DBA981 /* PodData.swift */ = {isa = PBXFileReference; lastKnownFileType = sourcecode.swift; path = PodData.swift; sourceTree = "<group>"; };
		89999CAC28EA3CA600DBA981 /* PodResponse.swift */ = {isa = PBXFileReference; lastKnownFileType = sourcecode.swift; path = PodResponse.swift; sourceTree = "<group>"; };
		8999CD5229087F8E000CBB67 /* StaggeredGrid.swift */ = {isa = PBXFileReference; fileEncoding = 4; lastKnownFileType = sourcecode.swift; name = StaggeredGrid.swift; path = ../../../../Documents/Kavsoft/StaggeredGrid/StaggeredGrid/StaggeredGrid.swift; sourceTree = "<group>"; };
		899A3A3729072DC2008EBEC4 /* SearchView.swift */ = {isa = PBXFileReference; lastKnownFileType = sourcecode.swift; path = SearchView.swift; sourceTree = "<group>"; };
		899CDF6228E4735B00838335 /* MainView.swift */ = {isa = PBXFileReference; lastKnownFileType = sourcecode.swift; path = MainView.swift; sourceTree = "<group>"; };
		899CDF6428E4DF5B00838335 /* SideMenu.swift */ = {isa = PBXFileReference; lastKnownFileType = sourcecode.swift; path = SideMenu.swift; sourceTree = "<group>"; };
		899CDF6628E4DF8200838335 /* TabButton.swift */ = {isa = PBXFileReference; lastKnownFileType = sourcecode.swift; path = TabButton.swift; sourceTree = "<group>"; };
		899CDF6828E4DFB100838335 /* Home.swift */ = {isa = PBXFileReference; lastKnownFileType = sourcecode.swift; path = Home.swift; sourceTree = "<group>"; };
		899CDF6A28E4E04400838335 /* CustomCorners.swift */ = {isa = PBXFileReference; lastKnownFileType = sourcecode.swift; path = CustomCorners.swift; sourceTree = "<group>"; };
		899CDF6C28E4E8FB00838335 /* K8sAPIClient.swift */ = {isa = PBXFileReference; lastKnownFileType = sourcecode.swift; path = K8sAPIClient.swift; sourceTree = "<group>"; };
		899CDF6E28E4E9A300838335 /* K8sRouter.swift */ = {isa = PBXFileReference; lastKnownFileType = sourcecode.swift; path = K8sRouter.swift; sourceTree = "<group>"; };
		899CDF7028E4EA2000838335 /* K8sAPIService.swift */ = {isa = PBXFileReference; lastKnownFileType = sourcecode.swift; path = K8sAPIService.swift; sourceTree = "<group>"; };
		899CDF7228E4EAFA00838335 /* PVCInfo.swift */ = {isa = PBXFileReference; lastKnownFileType = sourcecode.swift; path = PVCInfo.swift; sourceTree = "<group>"; };
		899CDF7428E4EB1700838335 /* PVCData.swift */ = {isa = PBXFileReference; lastKnownFileType = sourcecode.swift; path = PVCData.swift; sourceTree = "<group>"; };
		899CDF7628E4EB2F00838335 /* PVCResponse.swift */ = {isa = PBXFileReference; lastKnownFileType = sourcecode.swift; path = PVCResponse.swift; sourceTree = "<group>"; };
		899CDF7828E4EBFC00838335 /* K8sVM.swift */ = {isa = PBXFileReference; lastKnownFileType = sourcecode.swift; path = K8sVM.swift; sourceTree = "<group>"; };
		899CDF7B28E4EF3A00838335 /* HomePage.swift */ = {isa = PBXFileReference; lastKnownFileType = sourcecode.swift; path = HomePage.swift; sourceTree = "<group>"; };
		89AF80A1290F15BB00787CD2 /* SpeedoMeter.swift */ = {isa = PBXFileReference; fileEncoding = 4; lastKnownFileType = sourcecode.swift; name = SpeedoMeter.swift; path = "../../../../Documents/Kavsoft/Expense Tracker/Expense Tracker/View/SpeedoMeter.swift"; sourceTree = "<group>"; };
		89AF80A3290F160F00787CD2 /* IndicatorShape.swift */ = {isa = PBXFileReference; fileEncoding = 4; lastKnownFileType = sourcecode.swift; name = IndicatorShape.swift; path = "../../../../Documents/Kavsoft/Expense Tracker/Expense Tracker/View/IndicatorShape.swift"; sourceTree = "<group>"; };
		89AF80A5290F20A400787CD2 /* CpuMemButton.swift */ = {isa = PBXFileReference; lastKnownFileType = sourcecode.swift; path = CpuMemButton.swift; sourceTree = "<group>"; };
		89DF549028FCC95200A84640 /* PVData.swift */ = {isa = PBXFileReference; lastKnownFileType = sourcecode.swift; path = PVData.swift; sourceTree = "<group>"; };
		89DF549228FCCA0A00A84640 /* PVResponse.swift */ = {isa = PBXFileReference; lastKnownFileType = sourcecode.swift; path = PVResponse.swift; sourceTree = "<group>"; };
		89DF549428FCCB2F00A84640 /* PVInfo.swift */ = {isa = PBXFileReference; lastKnownFileType = sourcecode.swift; path = PVInfo.swift; sourceTree = "<group>"; };
		89DF549628FCCD3900A84640 /* PVCardView.swift */ = {isa = PBXFileReference; lastKnownFileType = sourcecode.swift; path = PVCardView.swift; sourceTree = "<group>"; };
/* End PBXFileReference section */

/* Begin PBXFrameworksBuildPhase section */
		898624BF28E24FF800024852 /* Frameworks */ = {
			isa = PBXFrameworksBuildPhase;
			buildActionMask = 2147483647;
			files = (
				898624DC28E250B000024852 /* Alamofire in Frameworks */,
			);
			runOnlyForDeploymentPostprocessing = 0;
		};
/* End PBXFrameworksBuildPhase section */

/* Begin PBXGroup section */
		892D93F529164F550096F9BE /* SideView */ = {
			isa = PBXGroup;
			children = (
				892D93F629170C920096F9BE /* UserSideView */,
				899CDF7B28E4EF3A00838335 /* HomePage.swift */,
				8993E43228E639E7007CA986 /* Workload.swift */,
				8989725F28F39BE40052605C /* Service.swift */,
				8989726128F3A7F30052605C /* Storage.swift */,
				899CDF6428E4DF5B00838335 /* SideMenu.swift */,
			);
			path = SideView;
			sourceTree = "<group>";
		};
		892D93F629170C920096F9BE /* UserSideView */ = {
			isa = PBXGroup;
			children = (
				892D93F729170CBC0096F9BE /* UserDashboard.swift */,
				892D93F929170D8C0096F9BE /* UserStorage.swift */,
			);
			path = UserSideView;
			sourceTree = "<group>";
		};
		898624B928E24FF800024852 = {
			isa = PBXGroup;
			children = (
				898624C428E24FF800024852 /* PaaS-TA Container Platform */,
				898624C328E24FF800024852 /* Products */,
			);
			sourceTree = "<group>";
		};
		898624C328E24FF800024852 /* Products */ = {
			isa = PBXGroup;
			children = (
				898624C228E24FF800024852 /* PaaS-TA Container Platform.app */,
			);
			name = Products;
			sourceTree = "<group>";
		};
		898624C428E24FF800024852 /* PaaS-TA Container Platform */ = {
			isa = PBXGroup;
			children = (
				8993E43128E63580007CA986 /* PaaS-TA-Container-Platform-Info.plist */,
				89910FD828E3426D00A21088 /* View */,
				89910FD528E340BD00A21088 /* ViewModel */,
				898624E528E2543E00024852 /* Manager */,
				898624D328E2504F00024852 /* API */,
				898624E828E2547900024852 /* Model */,
				898624C528E24FF800024852 /* PaaS_TA_Container_PlatformApp.swift */,
				898624C728E24FF800024852 /* ContentView.swift */,
				898624C928E24FFA00024852 /* Assets.xcassets */,
				898624CB28E24FFA00024852 /* Preview Content */,
			);
			path = "PaaS-TA Container Platform";
			sourceTree = "<group>";
		};
		898624CB28E24FFA00024852 /* Preview Content */ = {
			isa = PBXGroup;
			children = (
				898624CC28E24FFA00024852 /* Preview Assets.xcassets */,
			);
			path = "Preview Content";
			sourceTree = "<group>";
		};
		898624D328E2504F00024852 /* API */ = {
			isa = PBXGroup;
			children = (
				898624D728E2506D00024852 /* Interceptor */,
				898624D628E2506600024852 /* OAuth */,
				898624D528E2506200024852 /* Router */,
				898624D428E2505500024852 /* Service */,
				898624D828E2508C00024852 /* APIClient.swift */,
				898624DD28E2515000024852 /* APILogger.swift */,
				899CDF6C28E4E8FB00838335 /* K8sAPIClient.swift */,
			);
			path = API;
			sourceTree = "<group>";
		};
		898624D428E2505500024852 /* Service */ = {
			isa = PBXGroup;
			children = (
				898624EB28E2564100024852 /* AuthAPIService.swift */,
				899CDF7028E4EA2000838335 /* K8sAPIService.swift */,
			);
			path = Service;
			sourceTree = "<group>";
		};
		898624D528E2506200024852 /* Router */ = {
			isa = PBXGroup;
			children = (
				898624E328E253E000024852 /* AuthRouter.swift */,
				899CDF6E28E4E9A300838335 /* K8sRouter.swift */,
				898FD6A428FDFF9200D313CE /* K8sAdminRouter.swift */,
			);
			path = Router;
			sourceTree = "<group>";
		};
		898624D628E2506600024852 /* OAuth */ = {
			isa = PBXGroup;
			children = (
			);
			path = OAuth;
			sourceTree = "<group>";
		};
		898624D728E2506D00024852 /* Interceptor */ = {
			isa = PBXGroup;
			children = (
				898624DF28E2519700024852 /* BaseInterceptor.swift */,
			);
			path = Interceptor;
			sourceTree = "<group>";
		};
		898624E528E2543E00024852 /* Manager */ = {
			isa = PBXGroup;
			children = (
				898624E628E2544B00024852 /* UserDefaultManager.swift */,
			);
			path = Manager;
			sourceTree = "<group>";
		};
		898624E828E2547900024852 /* Model */ = {
			isa = PBXGroup;
			children = (
				8999790428FF4EC500E80B84 /* Data */,
				8999790328FF4E9E00E80B84 /* Response */,
				899CDF7228E4EAFA00838335 /* PVCInfo.swift */,
				8995F16B28F2AEF4001CFAE7 /* DeployInfo.swift */,
				89DF549428FCCB2F00A84640 /* PVInfo.swift */,
				898FD6A628FE076400D313CE /* K8sData.swift */,
				8999790928FF526300E80B84 /* IngressInfo.swift */,
				8993B8B3290C9FB600DB17FB /* ClusterMetricInfo.swift */,
				89336CD02911BE7D007CC659 /* SCInfo.swift */,
				89189C7E2913143E00158CFF /* ServiceInfo.swift */,
				892D93ED2915C8D40096F9BE /* PodInfo.swift */,
				892D93F329164D3F0096F9BE /* RSInfo.swift */,
			);
			path = Model;
			sourceTree = "<group>";
		};
		8989726328F3AB9D0052605C /* ListView */ = {
			isa = PBXGroup;
			children = (
				89999C8E28E9059800DBA981 /* ReplicaSetListView.swift */,
				8947B5112915330E000131F7 /* DeploymentView.swift */,
				892D93E72915C47A0096F9BE /* PodView.swift */,
				8995F15E28F26466001CFAE7 /* ServiceView.swift */,
				897E0B33291467AC005DBC3B /* IngressView.swift */,
				8989726428F3ABEF0052605C /* PVView.swift */,
				8989726628F3AC6D0052605C /* PVCView.swift */,
				89336CD22911C230007CC659 /* SCView.swift */,
			);
			path = ListView;
			sourceTree = "<group>";
		};
		89910FD528E340BD00A21088 /* ViewModel */ = {
			isa = PBXGroup;
			children = (
				89910FD628E340CE00A21088 /* UserVM.swift */,
				899CDF7828E4EBFC00838335 /* K8sVM.swift */,
				8995F16928F2A6DB001CFAE7 /* BaseVM.swift */,
			);
			path = ViewModel;
			sourceTree = "<group>";
		};
		89910FD828E3426D00A21088 /* View */ = {
			isa = PBXGroup;
			children = (
				892D93F529164F550096F9BE /* SideView */,
				8989726328F3AB9D0052605C /* ListView */,
				8995F16628F2A547001CFAE7 /* DetailView */,
				899CDF7A28E4EF2B00838335 /* CardView */,
				89910FD928E3427B00A21088 /* LoginPage.swift */,
				89910FDB28E343CC00A21088 /* CustomCorner.swift */,
				899CDF6228E4735B00838335 /* MainView.swift */,
				899CDF6628E4DF8200838335 /* TabButton.swift */,
				899CDF6A28E4E04400838335 /* CustomCorners.swift */,
				899CDF6828E4DFB100838335 /* Home.swift */,
				8989725D28F398780052605C /* LowTabButton.swift */,
				899A3A3729072DC2008EBEC4 /* SearchView.swift */,
				8999CD5229087F8E000CBB67 /* StaggeredGrid.swift */,
				89AF80A1290F15BB00787CD2 /* SpeedoMeter.swift */,
				89AF80A3290F160F00787CD2 /* IndicatorShape.swift */,
				89AF80A5290F20A400787CD2 /* CpuMemButton.swift */,
				892D941529171F710096F9BE /* LoadingScreen.swift */,
			);
			path = View;
			sourceTree = "<group>";
		};
		8995F16628F2A547001CFAE7 /* DetailView */ = {
			isa = PBXGroup;
			children = (
				8995F16728F2A58F001CFAE7 /* DetailDeployView.swift */,
				8989726A28F3AFFC0052605C /* DetailPVCView.swift */,
				8964DAD3290B2AEA00E77505 /* DetailPVView.swift */,
				89336CD62911C6CB007CC659 /* DetailSCView.swift */,
				89189C7C291313CA00158CFF /* DetailServiceView.swift */,
				897E0B37291469ED005DBC3B /* DetailIngressView.swift */,
				892D93EB2915C7410096F9BE /* DetailPodView.swift */,
			);
			path = DetailView;
			sourceTree = "<group>";
		};
		8999790328FF4E9E00E80B84 /* Response */ = {
			isa = PBXGroup;
			children = (
				898624EF28E256BE00024852 /* AuthResponse.swift */,
				89999CAC28EA3CA600DBA981 /* PodResponse.swift */,
				899CDF7628E4EB2F00838335 /* PVCResponse.swift */,
				89999C8828E8EB9D00DBA981 /* DeployResponse.swift */,
				8995F16428F268C9001CFAE7 /* ServiceResponse.swift */,
				89DF549228FCCA0A00A84640 /* PVResponse.swift */,
				8999790728FF506E00E80B84 /* IngressResponse.swift */,
				8995C6DC2900A088003A0AC0 /* NamespaceResponse.swift */,
				89336CCE2911BE42007CC659 /* SCResponse.swift */,
				892D93F1291649570096F9BE /* RSResponse.swift */,
			);
			path = Response;
			sourceTree = "<group>";
		};
		8999790428FF4EC500E80B84 /* Data */ = {
			isa = PBXGroup;
			children = (
				89999CAA28EA3C5A00DBA981 /* PodData.swift */,
				898624E928E2548300024852 /* TokenData.swift */,
				898624ED28E2568900024852 /* UserData.swift */,
				899CDF7428E4EB1700838335 /* PVCData.swift */,
				89DF549028FCC95200A84640 /* PVData.swift */,
				89999C8628E8EB2000DBA981 /* DeployData.swift */,
				8995F16228F2685B001CFAE7 /* ServiceData.swift */,
				8999790528FF4FD000E80B84 /* IngressData.swift */,
				8995C6DA29009EE5003A0AC0 /* NamespaceData.swift */,
				89336CCC2911BE08007CC659 /* SCData.swift */,
				892D93EF2916493B0096F9BE /* RSData.swift */,
			);
			path = Data;
			sourceTree = "<group>";
		};
		899CDF7A28E4EF2B00838335 /* CardView */ = {
			isa = PBXGroup;
			children = (
				8995F16028F26514001CFAE7 /* ServiceCardView.swift */,
				8989726828F3AD520052605C /* PVCCardView.swift */,
				89DF549628FCCD3900A84640 /* PVCardView.swift */,
				89336CD42911C3A6007CC659 /* SCCardView.swift */,
				897E0B35291468AC005DBC3B /* IngressCardView.swift */,
				8947B513291533FD000131F7 /* DeploymentCardView.swift */,
				892D93E92915C5A00096F9BE /* PodCardView.swift */,
			);
			path = CardView;
			sourceTree = "<group>";
		};
/* End PBXGroup section */

/* Begin PBXNativeTarget section */
		898624C128E24FF800024852 /* PaaS-TA Container Platform */ = {
			isa = PBXNativeTarget;
			buildConfigurationList = 898624D028E24FFA00024852 /* Build configuration list for PBXNativeTarget "PaaS-TA Container Platform" */;
			buildPhases = (
				898624BE28E24FF800024852 /* Sources */,
				898624BF28E24FF800024852 /* Frameworks */,
				898624C028E24FF800024852 /* Resources */,
			);
			buildRules = (
			);
			dependencies = (
			);
			name = "PaaS-TA Container Platform";
			packageProductDependencies = (
				898624DB28E250B000024852 /* Alamofire */,
			);
			productName = "PaaS-TA Container Platform";
			productReference = 898624C228E24FF800024852 /* PaaS-TA Container Platform.app */;
			productType = "com.apple.product-type.application";
		};
/* End PBXNativeTarget section */

/* Begin PBXProject section */
		898624BA28E24FF800024852 /* Project object */ = {
			isa = PBXProject;
			attributes = {
				BuildIndependentTargetsInParallel = 1;
				LastSwiftUpdateCheck = 1400;
				LastUpgradeCheck = 1400;
				TargetAttributes = {
					898624C128E24FF800024852 = {
						CreatedOnToolsVersion = 14.0;
					};
				};
			};
			buildConfigurationList = 898624BD28E24FF800024852 /* Build configuration list for PBXProject "PaaS-TA Container Platform" */;
			compatibilityVersion = "Xcode 14.0";
			developmentRegion = en;
			hasScannedForEncodings = 0;
			knownRegions = (
				en,
				Base,
			);
			mainGroup = 898624B928E24FF800024852;
			packageReferences = (
				898624DA28E250B000024852 /* XCRemoteSwiftPackageReference "Alamofire" */,
			);
			productRefGroup = 898624C328E24FF800024852 /* Products */;
			projectDirPath = "";
			projectRoot = "";
			targets = (
				898624C128E24FF800024852 /* PaaS-TA Container Platform */,
			);
		};
/* End PBXProject section */

/* Begin PBXResourcesBuildPhase section */
		898624C028E24FF800024852 /* Resources */ = {
			isa = PBXResourcesBuildPhase;
			buildActionMask = 2147483647;
			files = (
				898624CD28E24FFA00024852 /* Preview Assets.xcassets in Resources */,
				898624CA28E24FFA00024852 /* Assets.xcassets in Resources */,
			);
			runOnlyForDeploymentPostprocessing = 0;
		};
/* End PBXResourcesBuildPhase section */

/* Begin PBXSourcesBuildPhase section */
		898624BE28E24FF800024852 /* Sources */ = {
			isa = PBXSourcesBuildPhase;
			buildActionMask = 2147483647;
			files = (
				8989726B28F3AFFC0052605C /* DetailPVCView.swift in Sources */,
				8995F16C28F2AEF4001CFAE7 /* DeployInfo.swift in Sources */,
				89999C8728E8EB2000DBA981 /* DeployData.swift in Sources */,
				8999790A28FF526300E80B84 /* IngressInfo.swift in Sources */,
				89336CD32911C230007CC659 /* SCView.swift in Sources */,
				8993B8B4290C9FB600DB17FB /* ClusterMetricInfo.swift in Sources */,
				892D93E82915C47A0096F9BE /* PodView.swift in Sources */,
				89336CD12911BE7D007CC659 /* SCInfo.swift in Sources */,
				8995F16128F26514001CFAE7 /* ServiceCardView.swift in Sources */,
				892D93F2291649570096F9BE /* RSResponse.swift in Sources */,
				89999CAB28EA3C5A00DBA981 /* PodData.swift in Sources */,
				899CDF7328E4EAFA00838335 /* PVCInfo.swift in Sources */,
				892D941629171F710096F9BE /* LoadingScreen.swift in Sources */,
				898624E428E253E000024852 /* AuthRouter.swift in Sources */,
				892D93EA2915C5A00096F9BE /* PodCardView.swift in Sources */,
				8989726528F3ABEF0052605C /* PVView.swift in Sources */,
				892D93F02916493B0096F9BE /* RSData.swift in Sources */,
				89DF549328FCCA0A00A84640 /* PVResponse.swift in Sources */,
				898624DE28E2515000024852 /* APILogger.swift in Sources */,
				898624EC28E2564100024852 /* AuthAPIService.swift in Sources */,
				8993E43328E639E7007CA986 /* Workload.swift in Sources */,
				897E0B38291469ED005DBC3B /* DetailIngressView.swift in Sources */,
				89336CCD2911BE08007CC659 /* SCData.swift in Sources */,
				898624E728E2544B00024852 /* UserDefaultManager.swift in Sources */,
				89336CCF2911BE42007CC659 /* SCResponse.swift in Sources */,
				8989726728F3AC6D0052605C /* PVCView.swift in Sources */,
				892D93F429164D3F0096F9BE /* RSInfo.swift in Sources */,
				8999CD5329087F8E000CBB67 /* StaggeredGrid.swift in Sources */,
				89910FDA28E3427B00A21088 /* LoginPage.swift in Sources */,
				899A3A3829072DC2008EBEC4 /* SearchView.swift in Sources */,
				892D93EC2915C7410096F9BE /* DetailPodView.swift in Sources */,
				8995F16828F2A58F001CFAE7 /* DetailDeployView.swift in Sources */,
				8989726228F3A7F30052605C /* Storage.swift in Sources */,
				8964DAD4290B2AEA00E77505 /* DetailPVView.swift in Sources */,
				89999CAD28EA3CA600DBA981 /* PodResponse.swift in Sources */,
				8947B5122915330E000131F7 /* DeploymentView.swift in Sources */,
				899CDF7728E4EB2F00838335 /* PVCResponse.swift in Sources */,
				89336CD52911C3A6007CC659 /* SCCardView.swift in Sources */,
				898FD6A528FDFF9200D313CE /* K8sAdminRouter.swift in Sources */,
				89DF549728FCCD3900A84640 /* PVCardView.swift in Sources */,
				89189C7D291313CB00158CFF /* DetailServiceView.swift in Sources */,
				899CDF6D28E4E8FB00838335 /* K8sAPIClient.swift in Sources */,
				8995F16A28F2A6DB001CFAE7 /* BaseVM.swift in Sources */,
				8999790628FF4FD000E80B84 /* IngressData.swift in Sources */,
				89910FDC28E343CC00A21088 /* CustomCorner.swift in Sources */,
				89AF80A6290F20A400787CD2 /* CpuMemButton.swift in Sources */,
				898624EE28E2568900024852 /* UserData.swift in Sources */,
				8995F15F28F26466001CFAE7 /* ServiceView.swift in Sources */,
				899CDF7C28E4EF3B00838335 /* HomePage.swift in Sources */,
				89AF80A4290F160F00787CD2 /* IndicatorShape.swift in Sources */,
				89999C8928E8EB9D00DBA981 /* DeployResponse.swift in Sources */,
				8989726928F3AD520052605C /* PVCCardView.swift in Sources */,
				899CDF6528E4DF5B00838335 /* SideMenu.swift in Sources */,
				8995F16528F268C9001CFAE7 /* ServiceResponse.swift in Sources */,
				899CDF6B28E4E04400838335 /* CustomCorners.swift in Sources */,
				89189C7F2913143E00158CFF /* ServiceInfo.swift in Sources */,
				89DF549128FCC95200A84640 /* PVData.swift in Sources */,
				899CDF6928E4DFB100838335 /* Home.swift in Sources */,
				89999C8F28E9059800DBA981 /* ReplicaSetListView.swift in Sources */,
				898FD6A728FE076400D313CE /* K8sData.swift in Sources */,
				892D93FA29170D8C0096F9BE /* UserStorage.swift in Sources */,
				899CDF6728E4DF8200838335 /* TabButton.swift in Sources */,
				899CDF6F28E4E9A300838335 /* K8sRouter.swift in Sources */,
				898624E028E2519700024852 /* BaseInterceptor.swift in Sources */,
				89AF80A2290F15BB00787CD2 /* SpeedoMeter.swift in Sources */,
				899CDF6328E4735B00838335 /* MainView.swift in Sources */,
				8995C6DB29009EE5003A0AC0 /* NamespaceData.swift in Sources */,
				899CDF7128E4EA2000838335 /* K8sAPIService.swift in Sources */,
				898624C828E24FF800024852 /* ContentView.swift in Sources */,
				898624C628E24FF800024852 /* PaaS_TA_Container_PlatformApp.swift in Sources */,
				897E0B34291467AC005DBC3B /* IngressView.swift in Sources */,
				8989725E28F398780052605C /* LowTabButton.swift in Sources */,
				89336CD72911C6CB007CC659 /* DetailSCView.swift in Sources */,
				892D93F829170CBC0096F9BE /* UserDashboard.swift in Sources */,
				899CDF7528E4EB1700838335 /* PVCData.swift in Sources */,
				892D93EE2915C8D40096F9BE /* PodInfo.swift in Sources */,
				89910FD728E340CE00A21088 /* UserVM.swift in Sources */,
				89DF549528FCCB2F00A84640 /* PVInfo.swift in Sources */,
				898624EA28E2548300024852 /* TokenData.swift in Sources */,
				8999790828FF506E00E80B84 /* IngressResponse.swift in Sources */,
				897E0B36291468AC005DBC3B /* IngressCardView.swift in Sources */,
				8947B514291533FD000131F7 /* DeploymentCardView.swift in Sources */,
				8995C6DD2900A088003A0AC0 /* NamespaceResponse.swift in Sources */,
				898624F028E256BE00024852 /* AuthResponse.swift in Sources */,
				898624D928E2508C00024852 /* APIClient.swift in Sources */,
				8989726028F39BE40052605C /* Service.swift in Sources */,
				899CDF7928E4EBFC00838335 /* K8sVM.swift in Sources */,
				8995F16328F2685B001CFAE7 /* ServiceData.swift in Sources */,
			);
			runOnlyForDeploymentPostprocessing = 0;
		};
/* End PBXSourcesBuildPhase section */

/* Begin XCBuildConfiguration section */
		898624CE28E24FFA00024852 /* Debug */ = {
			isa = XCBuildConfiguration;
			buildSettings = {
				ALWAYS_SEARCH_USER_PATHS = NO;
				CLANG_ANALYZER_NONNULL = YES;
				CLANG_ANALYZER_NUMBER_OBJECT_CONVERSION = YES_AGGRESSIVE;
				CLANG_CXX_LANGUAGE_STANDARD = "gnu++20";
				CLANG_ENABLE_MODULES = YES;
				CLANG_ENABLE_OBJC_ARC = YES;
				CLANG_ENABLE_OBJC_WEAK = YES;
				CLANG_WARN_BLOCK_CAPTURE_AUTORELEASING = YES;
				CLANG_WARN_BOOL_CONVERSION = YES;
				CLANG_WARN_COMMA = YES;
				CLANG_WARN_CONSTANT_CONVERSION = YES;
				CLANG_WARN_DEPRECATED_OBJC_IMPLEMENTATIONS = YES;
				CLANG_WARN_DIRECT_OBJC_ISA_USAGE = YES_ERROR;
				CLANG_WARN_DOCUMENTATION_COMMENTS = YES;
				CLANG_WARN_EMPTY_BODY = YES;
				CLANG_WARN_ENUM_CONVERSION = YES;
				CLANG_WARN_INFINITE_RECURSION = YES;
				CLANG_WARN_INT_CONVERSION = YES;
				CLANG_WARN_NON_LITERAL_NULL_CONVERSION = YES;
				CLANG_WARN_OBJC_IMPLICIT_RETAIN_SELF = YES;
				CLANG_WARN_OBJC_LITERAL_CONVERSION = YES;
				CLANG_WARN_OBJC_ROOT_CLASS = YES_ERROR;
				CLANG_WARN_QUOTED_INCLUDE_IN_FRAMEWORK_HEADER = YES;
				CLANG_WARN_RANGE_LOOP_ANALYSIS = YES;
				CLANG_WARN_STRICT_PROTOTYPES = YES;
				CLANG_WARN_SUSPICIOUS_MOVE = YES;
				CLANG_WARN_UNGUARDED_AVAILABILITY = YES_AGGRESSIVE;
				CLANG_WARN_UNREACHABLE_CODE = YES;
				CLANG_WARN__DUPLICATE_METHOD_MATCH = YES;
				COPY_PHASE_STRIP = NO;
				DEBUG_INFORMATION_FORMAT = dwarf;
				ENABLE_STRICT_OBJC_MSGSEND = YES;
				ENABLE_TESTABILITY = YES;
				GCC_C_LANGUAGE_STANDARD = gnu11;
				GCC_DYNAMIC_NO_PIC = NO;
				GCC_NO_COMMON_BLOCKS = YES;
				GCC_OPTIMIZATION_LEVEL = 0;
				GCC_PREPROCESSOR_DEFINITIONS = (
					"DEBUG=1",
					"$(inherited)",
				);
				GCC_WARN_64_TO_32_BIT_CONVERSION = YES;
				GCC_WARN_ABOUT_RETURN_TYPE = YES_ERROR;
				GCC_WARN_UNDECLARED_SELECTOR = YES;
				GCC_WARN_UNINITIALIZED_AUTOS = YES_AGGRESSIVE;
				GCC_WARN_UNUSED_FUNCTION = YES;
				GCC_WARN_UNUSED_VARIABLE = YES;
				IPHONEOS_DEPLOYMENT_TARGET = 16.0;
				MTL_ENABLE_DEBUG_INFO = INCLUDE_SOURCE;
				MTL_FAST_MATH = YES;
				ONLY_ACTIVE_ARCH = YES;
				SDKROOT = iphoneos;
				SWIFT_ACTIVE_COMPILATION_CONDITIONS = DEBUG;
				SWIFT_OPTIMIZATION_LEVEL = "-Onone";
			};
			name = Debug;
		};
		898624CF28E24FFA00024852 /* Release */ = {
			isa = XCBuildConfiguration;
			buildSettings = {
				ALWAYS_SEARCH_USER_PATHS = NO;
				CLANG_ANALYZER_NONNULL = YES;
				CLANG_ANALYZER_NUMBER_OBJECT_CONVERSION = YES_AGGRESSIVE;
				CLANG_CXX_LANGUAGE_STANDARD = "gnu++20";
				CLANG_ENABLE_MODULES = YES;
				CLANG_ENABLE_OBJC_ARC = YES;
				CLANG_ENABLE_OBJC_WEAK = YES;
				CLANG_WARN_BLOCK_CAPTURE_AUTORELEASING = YES;
				CLANG_WARN_BOOL_CONVERSION = YES;
				CLANG_WARN_COMMA = YES;
				CLANG_WARN_CONSTANT_CONVERSION = YES;
				CLANG_WARN_DEPRECATED_OBJC_IMPLEMENTATIONS = YES;
				CLANG_WARN_DIRECT_OBJC_ISA_USAGE = YES_ERROR;
				CLANG_WARN_DOCUMENTATION_COMMENTS = YES;
				CLANG_WARN_EMPTY_BODY = YES;
				CLANG_WARN_ENUM_CONVERSION = YES;
				CLANG_WARN_INFINITE_RECURSION = YES;
				CLANG_WARN_INT_CONVERSION = YES;
				CLANG_WARN_NON_LITERAL_NULL_CONVERSION = YES;
				CLANG_WARN_OBJC_IMPLICIT_RETAIN_SELF = YES;
				CLANG_WARN_OBJC_LITERAL_CONVERSION = YES;
				CLANG_WARN_OBJC_ROOT_CLASS = YES_ERROR;
				CLANG_WARN_QUOTED_INCLUDE_IN_FRAMEWORK_HEADER = YES;
				CLANG_WARN_RANGE_LOOP_ANALYSIS = YES;
				CLANG_WARN_STRICT_PROTOTYPES = YES;
				CLANG_WARN_SUSPICIOUS_MOVE = YES;
				CLANG_WARN_UNGUARDED_AVAILABILITY = YES_AGGRESSIVE;
				CLANG_WARN_UNREACHABLE_CODE = YES;
				CLANG_WARN__DUPLICATE_METHOD_MATCH = YES;
				COPY_PHASE_STRIP = NO;
				DEBUG_INFORMATION_FORMAT = "dwarf-with-dsym";
				ENABLE_NS_ASSERTIONS = NO;
				ENABLE_STRICT_OBJC_MSGSEND = YES;
				GCC_C_LANGUAGE_STANDARD = gnu11;
				GCC_NO_COMMON_BLOCKS = YES;
				GCC_WARN_64_TO_32_BIT_CONVERSION = YES;
				GCC_WARN_ABOUT_RETURN_TYPE = YES_ERROR;
				GCC_WARN_UNDECLARED_SELECTOR = YES;
				GCC_WARN_UNINITIALIZED_AUTOS = YES_AGGRESSIVE;
				GCC_WARN_UNUSED_FUNCTION = YES;
				GCC_WARN_UNUSED_VARIABLE = YES;
				IPHONEOS_DEPLOYMENT_TARGET = 16.0;
				MTL_ENABLE_DEBUG_INFO = NO;
				MTL_FAST_MATH = YES;
				SDKROOT = iphoneos;
				SWIFT_COMPILATION_MODE = wholemodule;
				SWIFT_OPTIMIZATION_LEVEL = "-O";
				VALIDATE_PRODUCT = YES;
			};
			name = Release;
		};
		898624D128E24FFA00024852 /* Debug */ = {
			isa = XCBuildConfiguration;
			buildSettings = {
				ASSETCATALOG_COMPILER_APPICON_NAME = AppIcon;
				ASSETCATALOG_COMPILER_GLOBAL_ACCENT_COLOR_NAME = AccentColor;
				CODE_SIGN_STYLE = Automatic;
				CURRENT_PROJECT_VERSION = 1;
				DEVELOPMENT_ASSET_PATHS = "\"PaaS-TA Container Platform/Preview Content\"";
				DEVELOPMENT_TEAM = KLT864H57C;
				ENABLE_PREVIEWS = YES;
				GENERATE_INFOPLIST_FILE = YES;
				INFOPLIST_FILE = "PaaS-TA-Container-Platform-Info.plist";
				INFOPLIST_KEY_UIApplicationSceneManifest_Generation = YES;
				INFOPLIST_KEY_UIApplicationSupportsIndirectInputEvents = YES;
				INFOPLIST_KEY_UISupportedInterfaceOrientations_iPad = "UIInterfaceOrientationPortrait UIInterfaceOrientationPortraitUpsideDown UIInterfaceOrientationLandscapeLeft UIInterfaceOrientationLandscapeRight";
				INFOPLIST_KEY_UISupportedInterfaceOrientations_iPhone = "UIInterfaceOrientationPortrait UIInterfaceOrientationLandscapeLeft UIInterfaceOrientationLandscapeRight";
				LD_RUNPATH_SEARCH_PATHS = (
					"$(inherited)",
					"@executable_path/Frameworks",
				);
				MARKETING_VERSION = 1.0;
				PRODUCT_BUNDLE_IDENTIFIER = "com.suslmk.PaaS-TA-Container-Platform";
				PRODUCT_NAME = "$(TARGET_NAME)";
				SWIFT_EMIT_LOC_STRINGS = YES;
				SWIFT_VERSION = 5.0;
				TARGETED_DEVICE_FAMILY = "1,2";
			};
			name = Debug;
		};
		898624D228E24FFA00024852 /* Release */ = {
			isa = XCBuildConfiguration;
			buildSettings = {
				ASSETCATALOG_COMPILER_APPICON_NAME = AppIcon;
				ASSETCATALOG_COMPILER_GLOBAL_ACCENT_COLOR_NAME = AccentColor;
				CODE_SIGN_STYLE = Automatic;
				CURRENT_PROJECT_VERSION = 1;
				DEVELOPMENT_ASSET_PATHS = "\"PaaS-TA Container Platform/Preview Content\"";
				DEVELOPMENT_TEAM = KLT864H57C;
				ENABLE_PREVIEWS = YES;
				GENERATE_INFOPLIST_FILE = YES;
				INFOPLIST_FILE = "PaaS-TA-Container-Platform-Info.plist";
				INFOPLIST_KEY_UIApplicationSceneManifest_Generation = YES;
				INFOPLIST_KEY_UIApplicationSupportsIndirectInputEvents = YES;
				INFOPLIST_KEY_UISupportedInterfaceOrientations_iPad = "UIInterfaceOrientationPortrait UIInterfaceOrientationPortraitUpsideDown UIInterfaceOrientationLandscapeLeft UIInterfaceOrientationLandscapeRight";
				INFOPLIST_KEY_UISupportedInterfaceOrientations_iPhone = "UIInterfaceOrientationPortrait UIInterfaceOrientationLandscapeLeft UIInterfaceOrientationLandscapeRight";
				LD_RUNPATH_SEARCH_PATHS = (
					"$(inherited)",
					"@executable_path/Frameworks",
				);
				MARKETING_VERSION = 1.0;
				PRODUCT_BUNDLE_IDENTIFIER = "com.suslmk.PaaS-TA-Container-Platform";
				PRODUCT_NAME = "$(TARGET_NAME)";
				SWIFT_EMIT_LOC_STRINGS = YES;
				SWIFT_VERSION = 5.0;
				TARGETED_DEVICE_FAMILY = "1,2";
			};
			name = Release;
		};
/* End XCBuildConfiguration section */

/* Begin XCConfigurationList section */
		898624BD28E24FF800024852 /* Build configuration list for PBXProject "PaaS-TA Container Platform" */ = {
			isa = XCConfigurationList;
			buildConfigurations = (
				898624CE28E24FFA00024852 /* Debug */,
				898624CF28E24FFA00024852 /* Release */,
			);
			defaultConfigurationIsVisible = 0;
			defaultConfigurationName = Release;
		};
		898624D028E24FFA00024852 /* Build configuration list for PBXNativeTarget "PaaS-TA Container Platform" */ = {
			isa = XCConfigurationList;
			buildConfigurations = (
				898624D128E24FFA00024852 /* Debug */,
				898624D228E24FFA00024852 /* Release */,
			);
			defaultConfigurationIsVisible = 0;
			defaultConfigurationName = Release;
		};
/* End XCConfigurationList section */

/* Begin XCRemoteSwiftPackageReference section */
		898624DA28E250B000024852 /* XCRemoteSwiftPackageReference "Alamofire" */ = {
			isa = XCRemoteSwiftPackageReference;
			repositoryURL = "https://github.com/Alamofire/Alamofire.git";
			requirement = {
				kind = upToNextMajorVersion;
				minimumVersion = 5.0.0;
			};
		};
/* End XCRemoteSwiftPackageReference section */

/* Begin XCSwiftPackageProductDependency section */
		898624DB28E250B000024852 /* Alamofire */ = {
			isa = XCSwiftPackageProductDependency;
			package = 898624DA28E250B000024852 /* XCRemoteSwiftPackageReference "Alamofire" */;
			productName = Alamofire;
		};
/* End XCSwiftPackageProductDependency section */
	};
	rootObject = 898624BA28E24FF800024852 /* Project object */;
}
